
Microsoft Visual Studio Solution File, Format Version 12.00
# Visual Studio Version 17
VisualStudioVersion = 17.7.34031.279
MinimumVisualStudioVersion = 10.0.40219.1
Project("{9092AA53-FB77-4645-B42D-1CCCA6BD08BD}") = "les 6", "les 6\les 6.njsproj", "{CCDA5740-9C0E-4FAB-A395-CAEEF2423765}"
EndProject
Global
	GlobalSection(SolutionConfigurationPlatforms) = preSolution
		Debug|Any CPU = Debug|Any CPU
		Release|Any CPU = Release|Any CPU
	EndGlobalSection
	GlobalSection(ProjectConfigurationPlatforms) = postSolution
		{CCDA5740-9C0E-4FAB-A395-CAEEF2423765}.Debug|Any CPU.ActiveCfg = Debug|Any CPU
		{CCDA5740-9C0E-4FAB-A395-CAEEF2423765}.Debug|Any CPU.Build.0 = Debug|Any CPU
		{CCDA5740-9C0E-4FAB-A395-CAEEF2423765}.Release|Any CPU.ActiveCfg = Release|Any CPU
		{CCDA5740-9C0E-4FAB-A395-CAEEF2423765}.Release|Any CPU.Build.0 = Release|Any CPU
	EndGlobalSection
	GlobalSection(SolutionProperties) = preSolution
		HideSolutionNode = FALSE
	EndGlobalSection
	GlobalSection(ExtensibilityGlobals) = postSolution
		SolutionGuid = {5B61473E-36BF-484B-84B0-BD430001AE35}
	EndGlobalSection
EndGlobal
